// !$*UTF8*$!
{
	archiveVersion = 1;
	classes = {
	};
	objectVersion = 55;
	objects = {

/* Begin PBXBuildFile section */
		3174141A283B12A300F335F2 /* AppDelegate.swift in Sources */ = {isa = PBXBuildFile; fileRef = 31741419283B12A300F335F2 /* AppDelegate.swift */; };
		3174141C283B12A300F335F2 /* SceneDelegate.swift in Sources */ = {isa = PBXBuildFile; fileRef = 3174141B283B12A300F335F2 /* SceneDelegate.swift */; };
		3174141E283B12A300F335F2 /* ViewController.swift in Sources */ = {isa = PBXBuildFile; fileRef = 3174141D283B12A300F335F2 /* ViewController.swift */; };
		31741421283B12A300F335F2 /* Main.storyboard in Resources */ = {isa = PBXBuildFile; fileRef = 3174141F283B12A300F335F2 /* Main.storyboard */; };
		31741423283B12A500F335F2 /* Assets.xcassets in Resources */ = {isa = PBXBuildFile; fileRef = 31741422283B12A500F335F2 /* Assets.xcassets */; };
		31741426283B12A500F335F2 /* LaunchScreen.storyboard in Resources */ = {isa = PBXBuildFile; fileRef = 31741424283B12A500F335F2 /* LaunchScreen.storyboard */; };
		3174142F283B3D9600F335F2 /* BLECentralManager.swift in Sources */ = {isa = PBXBuildFile; fileRef = 3174142E283B3D9600F335F2 /* BLECentralManager.swift */; };
		31741432283B40A500F335F2 /* BLEPeripheralManager.swift in Sources */ = {isa = PBXBuildFile; fileRef = 31741431283B40A400F335F2 /* BLEPeripheralManager.swift */; };
		31741434283B40DD00F335F2 /* Queue.swift in Sources */ = {isa = PBXBuildFile; fileRef = 31741433283B40DD00F335F2 /* Queue.swift */; };
		31741436283B410D00F335F2 /* Log.swift in Sources */ = {isa = PBXBuildFile; fileRef = 31741435283B410D00F335F2 /* Log.swift */; };
		31741439283B593800F335F2 /* CentralViewController.swift in Sources */ = {isa = PBXBuildFile; fileRef = 31741438283B593800F335F2 /* CentralViewController.swift */; };
		3174143B283B595700F335F2 /* PeripheralViewController.swift in Sources */ = {isa = PBXBuildFile; fileRef = 3174143A283B595700F335F2 /* PeripheralViewController.swift */; };
		3174143E283C6B6700F335F2 /* SocketClientViewController.swift in Sources */ = {isa = PBXBuildFile; fileRef = 3174143D283C6B6700F335F2 /* SocketClientViewController.swift */; };
		31741440283C6ECA00F335F2 /* SocketIOManager.swift in Sources */ = {isa = PBXBuildFile; fileRef = 3174143F283C6ECA00F335F2 /* SocketIOManager.swift */; };
		31741442283CC94600F335F2 /* SocketConnectable.swift in Sources */ = {isa = PBXBuildFile; fileRef = 31741441283CC94600F335F2 /* SocketConnectable.swift */; };
		31741444283CCCE000F335F2 /* WSHttpSocket.swift in Sources */ = {isa = PBXBuildFile; fileRef = 31741443283CCCE000F335F2 /* WSHttpSocket.swift */; };
		31741446283CCD0700F335F2 /* WSWebSocket.swift in Sources */ = {isa = PBXBuildFile; fileRef = 31741445283CCD0700F335F2 /* WSWebSocket.swift */; };
		4B93E10F139E2A18CB183AAD /* Pods_BLESOCTEST.framework in Frameworks */ = {isa = PBXBuildFile; fileRef = 29CF04219463F68D3438D68A /* Pods_BLESOCTEST.framework */; };
/* End PBXBuildFile section */

/* Begin PBXFileReference section */
		29CF04219463F68D3438D68A /* Pods_BLESOCTEST.framework */ = {isa = PBXFileReference; explicitFileType = wrapper.framework; includeInIndex = 0; path = Pods_BLESOCTEST.framework; sourceTree = BUILT_PRODUCTS_DIR; };
		31741416283B12A300F335F2 /* BLESOCTEST.app */ = {isa = PBXFileReference; explicitFileType = wrapper.application; includeInIndex = 0; path = BLESOCTEST.app; sourceTree = BUILT_PRODUCTS_DIR; };
		31741419283B12A300F335F2 /* AppDelegate.swift */ = {isa = PBXFileReference; lastKnownFileType = sourcecode.swift; path = AppDelegate.swift; sourceTree = "<group>"; };
		3174141B283B12A300F335F2 /* SceneDelegate.swift */ = {isa = PBXFileReference; lastKnownFileType = sourcecode.swift; path = SceneDelegate.swift; sourceTree = "<group>"; };
		3174141D283B12A300F335F2 /* ViewController.swift */ = {isa = PBXFileReference; lastKnownFileType = sourcecode.swift; path = ViewController.swift; sourceTree = "<group>"; };
		31741420283B12A300F335F2 /* Base */ = {isa = PBXFileReference; lastKnownFileType = file.storyboard; name = Base; path = Base.lproj/Main.storyboard; sourceTree = "<group>"; };
		31741422283B12A500F335F2 /* Assets.xcassets */ = {isa = PBXFileReference; lastKnownFileType = folder.assetcatalog; path = Assets.xcassets; sourceTree = "<group>"; };
		31741425283B12A500F335F2 /* Base */ = {isa = PBXFileReference; lastKnownFileType = file.storyboard; name = Base; path = Base.lproj/LaunchScreen.storyboard; sourceTree = "<group>"; };
		31741427283B12A500F335F2 /* Info.plist */ = {isa = PBXFileReference; lastKnownFileType = text.plist.xml; path = Info.plist; sourceTree = "<group>"; };
		3174142E283B3D9600F335F2 /* BLECentralManager.swift */ = {isa = PBXFileReference; lastKnownFileType = sourcecode.swift; path = BLECentralManager.swift; sourceTree = "<group>"; };
		31741431283B40A400F335F2 /* BLEPeripheralManager.swift */ = {isa = PBXFileReference; fileEncoding = 4; lastKnownFileType = sourcecode.swift; path = BLEPeripheralManager.swift; sourceTree = "<group>"; };
		31741433283B40DD00F335F2 /* Queue.swift */ = {isa = PBXFileReference; lastKnownFileType = sourcecode.swift; path = Queue.swift; sourceTree = "<group>"; };
		31741435283B410D00F335F2 /* Log.swift */ = {isa = PBXFileReference; lastKnownFileType = sourcecode.swift; path = Log.swift; sourceTree = "<group>"; };
		31741438283B593800F335F2 /* CentralViewController.swift */ = {isa = PBXFileReference; lastKnownFileType = sourcecode.swift; path = CentralViewController.swift; sourceTree = "<group>"; };
		3174143A283B595700F335F2 /* PeripheralViewController.swift */ = {isa = PBXFileReference; lastKnownFileType = sourcecode.swift; path = PeripheralViewController.swift; sourceTree = "<group>"; };
		3174143D283C6B6700F335F2 /* SocketClientViewController.swift */ = {isa = PBXFileReference; lastKnownFileType = sourcecode.swift; path = SocketClientViewController.swift; sourceTree = "<group>"; };
		3174143F283C6ECA00F335F2 /* SocketIOManager.swift */ = {isa = PBXFileReference; lastKnownFileType = sourcecode.swift; path = SocketIOManager.swift; sourceTree = "<group>"; };
		31741441283CC94600F335F2 /* SocketConnectable.swift */ = {isa = PBXFileReference; lastKnownFileType = sourcecode.swift; path = SocketConnectable.swift; sourceTree = "<group>"; };
		31741443283CCCE000F335F2 /* WSHttpSocket.swift */ = {isa = PBXFileReference; lastKnownFileType = sourcecode.swift; path = WSHttpSocket.swift; sourceTree = "<group>"; };
		31741445283CCD0700F335F2 /* WSWebSocket.swift */ = {isa = PBXFileReference; lastKnownFileType = sourcecode.swift; path = WSWebSocket.swift; sourceTree = "<group>"; };
		31D187CE7521E2F3963E5C74 /* Pods-BLESOCTEST.release.xcconfig */ = {isa = PBXFileReference; includeInIndex = 1; lastKnownFileType = text.xcconfig; name = "Pods-BLESOCTEST.release.xcconfig"; path = "Target Support Files/Pods-BLESOCTEST/Pods-BLESOCTEST.release.xcconfig"; sourceTree = "<group>"; };
		65F25BCF9BAC1CADE624C5B6 /* Pods-BLESOCTEST.debug.xcconfig */ = {isa = PBXFileReference; includeInIndex = 1; lastKnownFileType = text.xcconfig; name = "Pods-BLESOCTEST.debug.xcconfig"; path = "Target Support Files/Pods-BLESOCTEST/Pods-BLESOCTEST.debug.xcconfig"; sourceTree = "<group>"; };
/* End PBXFileReference section */

/* Begin PBXFrameworksBuildPhase section */
		31741413283B12A300F335F2 /* Frameworks */ = {
			isa = PBXFrameworksBuildPhase;
			buildActionMask = 2147483647;
			files = (
				4B93E10F139E2A18CB183AAD /* Pods_BLESOCTEST.framework in Frameworks */,
			);
			runOnlyForDeploymentPostprocessing = 0;
		};
/* End PBXFrameworksBuildPhase section */

/* Begin PBXGroup section */
		3174140D283B12A300F335F2 = {
			isa = PBXGroup;
			children = (
				31741418283B12A300F335F2 /* BLESOCTEST */,
				31741417283B12A300F335F2 /* Products */,
				E35B4201A33CA38F4D8EF36A /* Pods */,
				FB55409ACFC13D2156F742FD /* Frameworks */,
			);
			sourceTree = "<group>";
		};
		31741417283B12A300F335F2 /* Products */ = {
			isa = PBXGroup;
			children = (
				31741416283B12A300F335F2 /* BLESOCTEST.app */,
			);
			name = Products;
			sourceTree = "<group>";
		};
		31741418283B12A300F335F2 /* BLESOCTEST */ = {
			isa = PBXGroup;
			children = (
				3174143C283C69D700F335F2 /* Socket */,
				31741437283B441500F335F2 /* Util */,
				31741430283B403300F335F2 /* BLE */,
				31741419283B12A300F335F2 /* AppDelegate.swift */,
				3174141B283B12A300F335F2 /* SceneDelegate.swift */,
				3174141D283B12A300F335F2 /* ViewController.swift */,
				3174141F283B12A300F335F2 /* Main.storyboard */,
				31741422283B12A500F335F2 /* Assets.xcassets */,
				31741424283B12A500F335F2 /* LaunchScreen.storyboard */,
				31741427283B12A500F335F2 /* Info.plist */,
			);
			path = BLESOCTEST;
			sourceTree = "<group>";
		};
		31741430283B403300F335F2 /* BLE */ = {
			isa = PBXGroup;
			children = (
				31741431283B40A400F335F2 /* BLEPeripheralManager.swift */,
				3174142E283B3D9600F335F2 /* BLECentralManager.swift */,
				31741438283B593800F335F2 /* CentralViewController.swift */,
				3174143A283B595700F335F2 /* PeripheralViewController.swift */,
			);
			path = BLE;
			sourceTree = "<group>";
		};
		31741437283B441500F335F2 /* Util */ = {
			isa = PBXGroup;
			children = (
				31741433283B40DD00F335F2 /* Queue.swift */,
				31741435283B410D00F335F2 /* Log.swift */,
			);
			path = Util;
			sourceTree = "<group>";
		};
		3174143C283C69D700F335F2 /* Socket */ = {
			isa = PBXGroup;
			children = (
				3174143F283C6ECA00F335F2 /* SocketIOManager.swift */,
				3174143D283C6B6700F335F2 /* SocketClientViewController.swift */,
				31741441283CC94600F335F2 /* SocketConnectable.swift */,
				31741445283CCD0700F335F2 /* WSWebSocket.swift */,
				31741443283CCCE000F335F2 /* WSHttpSocket.swift */,
			);
			path = Socket;
			sourceTree = "<group>";
		};
		E35B4201A33CA38F4D8EF36A /* Pods */ = {
			isa = PBXGroup;
			children = (
				65F25BCF9BAC1CADE624C5B6 /* Pods-BLESOCTEST.debug.xcconfig */,
				31D187CE7521E2F3963E5C74 /* Pods-BLESOCTEST.release.xcconfig */,
			);
			path = Pods;
			sourceTree = "<group>";
		};
		FB55409ACFC13D2156F742FD /* Frameworks */ = {
			isa = PBXGroup;
			children = (
				29CF04219463F68D3438D68A /* Pods_BLESOCTEST.framework */,
			);
			name = Frameworks;
			sourceTree = "<group>";
		};
/* End PBXGroup section */

/* Begin PBXNativeTarget section */
		31741415283B12A300F335F2 /* BLESOCTEST */ = {
			isa = PBXNativeTarget;
			buildConfigurationList = 3174142A283B12A500F335F2 /* Build configuration list for PBXNativeTarget "BLESOCTEST" */;
			buildPhases = (
				F075090F09BCC0C8BDAC7DD8 /* [CP] Check Pods Manifest.lock */,
				31741412283B12A300F335F2 /* Sources */,
				31741413283B12A300F335F2 /* Frameworks */,
				31741414283B12A300F335F2 /* Resources */,
				16240F9357FE8C75A2EC8B0D /* [CP] Embed Pods Frameworks */,
			);
			buildRules = (
			);
			dependencies = (
			);
			name = BLESOCTEST;
			productName = BLESOCTEST;
			productReference = 31741416283B12A300F335F2 /* BLESOCTEST.app */;
			productType = "com.apple.product-type.application";
		};
/* End PBXNativeTarget section */

/* Begin PBXProject section */
		3174140E283B12A300F335F2 /* Project object */ = {
			isa = PBXProject;
			attributes = {
				BuildIndependentTargetsInParallel = 1;
				LastSwiftUpdateCheck = 1340;
				LastUpgradeCheck = 1340;
				TargetAttributes = {
					31741415283B12A300F335F2 = {
						CreatedOnToolsVersion = 13.4;
					};
				};
			};
			buildConfigurationList = 31741411283B12A300F335F2 /* Build configuration list for PBXProject "BLESOCTEST" */;
			compatibilityVersion = "Xcode 13.0";
			developmentRegion = en;
			hasScannedForEncodings = 0;
			knownRegions = (
				en,
				Base,
			);
			mainGroup = 3174140D283B12A300F335F2;
			productRefGroup = 31741417283B12A300F335F2 /* Products */;
			projectDirPath = "";
			projectRoot = "";
			targets = (
				31741415283B12A300F335F2 /* BLESOCTEST */,
			);
		};
/* End PBXProject section */

/* Begin PBXResourcesBuildPhase section */
		31741414283B12A300F335F2 /* Resources */ = {
			isa = PBXResourcesBuildPhase;
			buildActionMask = 2147483647;
			files = (
				31741426283B12A500F335F2 /* LaunchScreen.storyboard in Resources */,
				31741423283B12A500F335F2 /* Assets.xcassets in Resources */,
				31741421283B12A300F335F2 /* Main.storyboard in Resources */,
			);
			runOnlyForDeploymentPostprocessing = 0;
		};
/* End PBXResourcesBuildPhase section */

/* Begin PBXShellScriptBuildPhase section */
		16240F9357FE8C75A2EC8B0D /* [CP] Embed Pods Frameworks */ = {
			isa = PBXShellScriptBuildPhase;
			buildActionMask = 2147483647;
			files = (
			);
			inputFileListPaths = (
				"${PODS_ROOT}/Target Support Files/Pods-BLESOCTEST/Pods-BLESOCTEST-frameworks-${CONFIGURATION}-input-files.xcfilelist",
			);
			name = "[CP] Embed Pods Frameworks";
			outputFileListPaths = (
				"${PODS_ROOT}/Target Support Files/Pods-BLESOCTEST/Pods-BLESOCTEST-frameworks-${CONFIGURATION}-output-files.xcfilelist",
			);
			runOnlyForDeploymentPostprocessing = 0;
			shellPath = /bin/sh;
			shellScript = "\"${PODS_ROOT}/Target Support Files/Pods-BLESOCTEST/Pods-BLESOCTEST-frameworks.sh\"\n";
			showEnvVarsInLog = 0;
		};
		F075090F09BCC0C8BDAC7DD8 /* [CP] Check Pods Manifest.lock */ = {
			isa = PBXShellScriptBuildPhase;
			buildActionMask = 2147483647;
			files = (
			);
			inputFileListPaths = (
			);
			inputPaths = (
				"${PODS_PODFILE_DIR_PATH}/Podfile.lock",
				"${PODS_ROOT}/Manifest.lock",
			);
			name = "[CP] Check Pods Manifest.lock";
			outputFileListPaths = (
			);
			outputPaths = (
				"$(DERIVED_FILE_DIR)/Pods-BLESOCTEST-checkManifestLockResult.txt",
			);
			runOnlyForDeploymentPostprocessing = 0;
			shellPath = /bin/sh;
			shellScript = "diff \"${PODS_PODFILE_DIR_PATH}/Podfile.lock\" \"${PODS_ROOT}/Manifest.lock\" > /dev/null\nif [ $? != 0 ] ; then\n    # print error to STDERR\n    echo \"error: The sandbox is not in sync with the Podfile.lock. Run 'pod install' or update your CocoaPods installation.\" >&2\n    exit 1\nfi\n# This output is used by Xcode 'outputs' to avoid re-running this script phase.\necho \"SUCCESS\" > \"${SCRIPT_OUTPUT_FILE_0}\"\n";
			showEnvVarsInLog = 0;
		};
/* End PBXShellScriptBuildPhase section */

/* Begin PBXSourcesBuildPhase section */
		31741412283B12A300F335F2 /* Sources */ = {
			isa = PBXSourcesBuildPhase;
			buildActionMask = 2147483647;
			files = (
				3174141E283B12A300F335F2 /* ViewController.swift in Sources */,
				31741436283B410D00F335F2 /* Log.swift in Sources */,
				31741434283B40DD00F335F2 /* Queue.swift in Sources */,
				31741446283CCD0700F335F2 /* WSWebSocket.swift in Sources */,
				3174141A283B12A300F335F2 /* AppDelegate.swift in Sources */,
				3174143E283C6B6700F335F2 /* SocketClientViewController.swift in Sources */,
				3174142F283B3D9600F335F2 /* BLECentralManager.swift in Sources */,
				31741432283B40A500F335F2 /* BLEPeripheralManager.swift in Sources */,
				31741444283CCCE000F335F2 /* WSHttpSocket.swift in Sources */,
				31741439283B593800F335F2 /* CentralViewController.swift in Sources */,
				31741442283CC94600F335F2 /* SocketConnectable.swift in Sources */,
				3174143B283B595700F335F2 /* PeripheralViewController.swift in Sources */,
				3174141C283B12A300F335F2 /* SceneDelegate.swift in Sources */,
				31741440283C6ECA00F335F2 /* SocketIOManager.swift in Sources */,
			);
			runOnlyForDeploymentPostprocessing = 0;
		};
/* End PBXSourcesBuildPhase section */

/* Begin PBXVariantGroup section */
		3174141F283B12A300F335F2 /* Main.storyboard */ = {
			isa = PBXVariantGroup;
			children = (
				31741420283B12A300F335F2 /* Base */,
			);
			name = Main.storyboard;
			sourceTree = "<group>";
		};
		31741424283B12A500F335F2 /* LaunchScreen.storyboard */ = {
			isa = PBXVariantGroup;
			children = (
				31741425283B12A500F335F2 /* Base */,
			);
			name = LaunchScreen.storyboard;
			sourceTree = "<group>";
		};
/* End PBXVariantGroup section */

/* Begin XCBuildConfiguration section */
		31741428283B12A500F335F2 /* Debug */ = {
			isa = XCBuildConfiguration;
			buildSettings = {
				ALWAYS_SEARCH_USER_PATHS = NO;
				CLANG_ANALYZER_NONNULL = YES;
				CLANG_ANALYZER_NUMBER_OBJECT_CONVERSION = YES_AGGRESSIVE;
				CLANG_CXX_LANGUAGE_STANDARD = "gnu++17";
				CLANG_ENABLE_MODULES = YES;
				CLANG_ENABLE_OBJC_ARC = YES;
				CLANG_ENABLE_OBJC_WEAK = YES;
				CLANG_WARN_BLOCK_CAPTURE_AUTORELEASING = YES;
				CLANG_WARN_BOOL_CONVERSION = YES;
				CLANG_WARN_COMMA = YES;
				CLANG_WARN_CONSTANT_CONVERSION = YES;
				CLANG_WARN_DEPRECATED_OBJC_IMPLEMENTATIONS = YES;
				CLANG_WARN_DIRECT_OBJC_ISA_USAGE = YES_ERROR;
				CLANG_WARN_DOCUMENTATION_COMMENTS = YES;
				CLANG_WARN_EMPTY_BODY = YES;
				CLANG_WARN_ENUM_CONVERSION = YES;
				CLANG_WARN_INFINITE_RECURSION = YES;
				CLANG_WARN_INT_CONVERSION = YES;
				CLANG_WARN_NON_LITERAL_NULL_CONVERSION = YES;
				CLANG_WARN_OBJC_IMPLICIT_RETAIN_SELF = YES;
				CLANG_WARN_OBJC_LITERAL_CONVERSION = YES;
				CLANG_WARN_OBJC_ROOT_CLASS = YES_ERROR;
				CLANG_WARN_QUOTED_INCLUDE_IN_FRAMEWORK_HEADER = YES;
				CLANG_WARN_RANGE_LOOP_ANALYSIS = YES;
				CLANG_WARN_STRICT_PROTOTYPES = YES;
				CLANG_WARN_SUSPICIOUS_MOVE = YES;
				CLANG_WARN_UNGUARDED_AVAILABILITY = YES_AGGRESSIVE;
				CLANG_WARN_UNREACHABLE_CODE = YES;
				CLANG_WARN__DUPLICATE_METHOD_MATCH = YES;
				COPY_PHASE_STRIP = NO;
				DEBUG_INFORMATION_FORMAT = dwarf;
				ENABLE_STRICT_OBJC_MSGSEND = YES;
				ENABLE_TESTABILITY = YES;
				GCC_C_LANGUAGE_STANDARD = gnu11;
				GCC_DYNAMIC_NO_PIC = NO;
				GCC_NO_COMMON_BLOCKS = YES;
				GCC_OPTIMIZATION_LEVEL = 0;
				GCC_PREPROCESSOR_DEFINITIONS = (
					"DEBUG=1",
					"$(inherited)",
				);
				GCC_WARN_64_TO_32_BIT_CONVERSION = YES;
				GCC_WARN_ABOUT_RETURN_TYPE = YES_ERROR;
				GCC_WARN_UNDECLARED_SELECTOR = YES;
				GCC_WARN_UNINITIALIZED_AUTOS = YES_AGGRESSIVE;
				GCC_WARN_UNUSED_FUNCTION = YES;
				GCC_WARN_UNUSED_VARIABLE = YES;
				IPHONEOS_DEPLOYMENT_TARGET = 15.5;
				MTL_ENABLE_DEBUG_INFO = INCLUDE_SOURCE;
				MTL_FAST_MATH = YES;
				ONLY_ACTIVE_ARCH = YES;
				SDKROOT = iphoneos;
				SWIFT_ACTIVE_COMPILATION_CONDITIONS = DEBUG;
				SWIFT_OPTIMIZATION_LEVEL = "-Onone";
			};
			name = Debug;
		};
		31741429283B12A500F335F2 /* Release */ = {
			isa = XCBuildConfiguration;
			buildSettings = {
				ALWAYS_SEARCH_USER_PATHS = NO;
				CLANG_ANALYZER_NONNULL = YES;
				CLANG_ANALYZER_NUMBER_OBJECT_CONVERSION = YES_AGGRESSIVE;
				CLANG_CXX_LANGUAGE_STANDARD = "gnu++17";
				CLANG_ENABLE_MODULES = YES;
				CLANG_ENABLE_OBJC_ARC = YES;
				CLANG_ENABLE_OBJC_WEAK = YES;
				CLANG_WARN_BLOCK_CAPTURE_AUTORELEASING = YES;
				CLANG_WARN_BOOL_CONVERSION = YES;
				CLANG_WARN_COMMA = YES;
				CLANG_WARN_CONSTANT_CONVERSION = YES;
				CLANG_WARN_DEPRECATED_OBJC_IMPLEMENTATIONS = YES;
				CLANG_WARN_DIRECT_OBJC_ISA_USAGE = YES_ERROR;
				CLANG_WARN_DOCUMENTATION_COMMENTS = YES;
				CLANG_WARN_EMPTY_BODY = YES;
				CLANG_WARN_ENUM_CONVERSION = YES;
				CLANG_WARN_INFINITE_RECURSION = YES;
				CLANG_WARN_INT_CONVERSION = YES;
				CLANG_WARN_NON_LITERAL_NULL_CONVERSION = YES;
				CLANG_WARN_OBJC_IMPLICIT_RETAIN_SELF = YES;
				CLANG_WARN_OBJC_LITERAL_CONVERSION = YES;
				CLANG_WARN_OBJC_ROOT_CLASS = YES_ERROR;
				CLANG_WARN_QUOTED_INCLUDE_IN_FRAMEWORK_HEADER = YES;
				CLANG_WARN_RANGE_LOOP_ANALYSIS = YES;
				CLANG_WARN_STRICT_PROTOTYPES = YES;
				CLANG_WARN_SUSPICIOUS_MOVE = YES;
				CLANG_WARN_UNGUARDED_AVAILABILITY = YES_AGGRESSIVE;
				CLANG_WARN_UNREACHABLE_CODE = YES;
				CLANG_WARN__DUPLICATE_METHOD_MATCH = YES;
				COPY_PHASE_STRIP = NO;
				DEBUG_INFORMATION_FORMAT = "dwarf-with-dsym";
				ENABLE_NS_ASSERTIONS = NO;
				ENABLE_STRICT_OBJC_MSGSEND = YES;
				GCC_C_LANGUAGE_STANDARD = gnu11;
				GCC_NO_COMMON_BLOCKS = YES;
				GCC_WARN_64_TO_32_BIT_CONVERSION = YES;
				GCC_WARN_ABOUT_RETURN_TYPE = YES_ERROR;
				GCC_WARN_UNDECLARED_SELECTOR = YES;
				GCC_WARN_UNINITIALIZED_AUTOS = YES_AGGRESSIVE;
				GCC_WARN_UNUSED_FUNCTION = YES;
				GCC_WARN_UNUSED_VARIABLE = YES;
				IPHONEOS_DEPLOYMENT_TARGET = 15.5;
				MTL_ENABLE_DEBUG_INFO = NO;
				MTL_FAST_MATH = YES;
				SDKROOT = iphoneos;
				SWIFT_COMPILATION_MODE = wholemodule;
				SWIFT_OPTIMIZATION_LEVEL = "-O";
				VALIDATE_PRODUCT = YES;
			};
			name = Release;
		};
		3174142B283B12A500F335F2 /* Debug */ = {
			isa = XCBuildConfiguration;
			baseConfigurationReference = 65F25BCF9BAC1CADE624C5B6 /* Pods-BLESOCTEST.debug.xcconfig */;
			buildSettings = {
				ASSETCATALOG_COMPILER_APPICON_NAME = AppIcon;
				ASSETCATALOG_COMPILER_GLOBAL_ACCENT_COLOR_NAME = AccentColor;
				CODE_SIGN_STYLE = Automatic;
				CURRENT_PROJECT_VERSION = 1;
				DEVELOPMENT_TEAM = WM5342TRW6;
				GENERATE_INFOPLIST_FILE = YES;
				INFOPLIST_FILE = BLESOCTEST/Info.plist;
				INFOPLIST_KEY_NSBluetoothAlwaysUsageDescription = nice;
				INFOPLIST_KEY_NSBluetoothPeripheralUsageDescription = nice;
				INFOPLIST_KEY_UIApplicationSupportsIndirectInputEvents = YES;
				INFOPLIST_KEY_UILaunchStoryboardName = LaunchScreen;
				INFOPLIST_KEY_UIMainStoryboardFile = Main;
				INFOPLIST_KEY_UISupportedInterfaceOrientations_iPad = "UIInterfaceOrientationPortrait UIInterfaceOrientationPortraitUpsideDown UIInterfaceOrientationLandscapeLeft UIInterfaceOrientationLandscapeRight";
				INFOPLIST_KEY_UISupportedInterfaceOrientations_iPhone = "UIInterfaceOrientationPortrait UIInterfaceOrientationLandscapeLeft UIInterfaceOrientationLandscapeRight";
				LD_RUNPATH_SEARCH_PATHS = (
					"$(inherited)",
					"@executable_path/Frameworks",
				);
				MARKETING_VERSION = 1.0;
				PRODUCT_BUNDLE_IDENTIFIER = com.skp.wsjung.BLESOCTEST;
				PRODUCT_NAME = "$(TARGET_NAME)";
				SWIFT_EMIT_LOC_STRINGS = YES;
				SWIFT_VERSION = 5.0;
				TARGETED_DEVICE_FAMILY = "1,2";
			};
			name = Debug;
		};
		3174142C283B12A500F335F2 /* Release */ = {
			isa = XCBuildConfiguration;
			baseConfigurationReference = 31D187CE7521E2F3963E5C74 /* Pods-BLESOCTEST.release.xcconfig */;
			buildSettings = {
				ASSETCATALOG_COMPILER_APPICON_NAME = AppIcon;
				ASSETCATALOG_COMPILER_GLOBAL_ACCENT_COLOR_NAME = AccentColor;
				CODE_SIGN_STYLE = Automatic;
				CURRENT_PROJECT_VERSION = 1;
				DEVELOPMENT_TEAM = WM5342TRW6;
				GENERATE_INFOPLIST_FILE = YES;
				INFOPLIST_FILE = BLESOCTEST/Info.plist;
				INFOPLIST_KEY_NSBluetoothAlwaysUsageDescription = nice;
				INFOPLIST_KEY_NSBluetoothPeripheralUsageDescription = nice;
				INFOPLIST_KEY_UIApplicationSupportsIndirectInputEvents = YES;
				INFOPLIST_KEY_UILaunchStoryboardName = LaunchScreen;
				INFOPLIST_KEY_UIMainStoryboardFile = Main;
				INFOPLIST_KEY_UISupportedInterfaceOrientations_iPad = "UIInterfaceOrientationPortrait UIInterfaceOrientationPortraitUpsideDown UIInterfaceOrientationLandscapeLeft UIInterfaceOrientationLandscapeRight";
				INFOPLIST_KEY_UISupportedInterfaceOrientations_iPhone = "UIInterfaceOrientationPortrait UIInterfaceOrientationLandscapeLeft UIInterfaceOrientationLandscapeRight";
				LD_RUNPATH_SEARCH_PATHS = (
					"$(inherited)",
					"@executable_path/Frameworks",
				);
				MARKETING_VERSION = 1.0;
				PRODUCT_BUNDLE_IDENTIFIER = com.skp.wsjung.BLESOCTEST;
				PRODUCT_NAME = "$(TARGET_NAME)";
				SWIFT_EMIT_LOC_STRINGS = YES;
				SWIFT_VERSION = 5.0;
				TARGETED_DEVICE_FAMILY = "1,2";
			};
			name = Release;
		};
/* End XCBuildConfiguration section */

/* Begin XCConfigurationList section */
		31741411283B12A300F335F2 /* Build configuration list for PBXProject "BLESOCTEST" */ = {
			isa = XCConfigurationList;
			buildConfigurations = (
				31741428283B12A500F335F2 /* Debug */,
				31741429283B12A500F335F2 /* Release */,
			);
			defaultConfigurationIsVisible = 0;
			defaultConfigurationName = Release;
		};
		3174142A283B12A500F335F2 /* Build configuration list for PBXNativeTarget "BLESOCTEST" */ = {
			isa = XCConfigurationList;
			buildConfigurations = (
				3174142B283B12A500F335F2 /* Debug */,
				3174142C283B12A500F335F2 /* Release */,
			);
			defaultConfigurationIsVisible = 0;
			defaultConfigurationName = Release;
		};
/* End XCConfigurationList section */
	};
	rootObject = 3174140E283B12A300F335F2 /* Project object */;
}
